
Microsoft Visual Studio Solution File, Format Version 12.00
# Visual Studio Version 17
VisualStudioVersion = 17.5.33414.496
MinimumVisualStudioVersion = 10.0.40219.1
Project("{8BC9CEB8-8B4A-11D0-8D11-00A0C91BC942}") = "10_05_2023-ARRAYS Dragon ball ejemplo", "10_05_2023-ARRAYS Dragon ball ejemplo.vcxproj", "{5AC295E4-BF39-4D54-9393-F01E7A201CE5}"
EndProject
Global
	GlobalSection(SolutionConfigurationPlatforms) = preSolution
		Debug|x64 = Debug|x64
		Debug|x86 = Debug|x86
		Release|x64 = Release|x64
		Release|x86 = Release|x86
	EndGlobalSection
	GlobalSection(ProjectConfigurationPlatforms) = postSolution
		{5AC295E4-BF39-4D54-9393-F01E7A201CE5}.Debug|x64.ActiveCfg = Debug|x64
		{5AC295E4-BF39-4D54-9393-F01E7A201CE5}.Debug|x64.Build.0 = Debug|x64
		{5AC295E4-BF39-4D54-9393-F01E7A201CE5}.Debug|x86.ActiveCfg = Debug|Win32
		{5AC295E4-BF39-4D54-9393-F01E7A201CE5}.Debug|x86.Build.0 = Debug|Win32
		{5AC295E4-BF39-4D54-9393-F01E7A201CE5}.Release|x64.ActiveCfg = Release|x64
		{5AC295E4-BF39-4D54-9393-F01E7A201CE5}.Release|x64.Build.0 = Release|x64
		{5AC295E4-BF39-4D54-9393-F01E7A201CE5}.Release|x86.ActiveCfg = Release|Win32
		{5AC295E4-BF39-4D54-9393-F01E7A201CE5}.Release|x86.Build.0 = Release|Win32
	EndGlobalSection
	GlobalSection(SolutionProperties) = preSolution
		HideSolutionNode = FALSE
	EndGlobalSection
	GlobalSection(ExtensibilityGlobals) = postSolution
		SolutionGuid = {E2B387BB-18A2-4ECA-BB34-908BA5CE5393}
	EndGlobalSection
EndGlobal
