
Microsoft Visual Studio Solution File, Format Version 12.00
# Visual Studio Version 17
VisualStudioVersion = 17.5.33414.496
MinimumVisualStudioVersion = 10.0.40219.1
Project("{8BC9CEB8-8B4A-11D0-8D11-00A0C91BC942}") = "ConsoleApplication3", "ConsoleApplication3\ConsoleApplication3.vcxproj", "{CDBC84A5-F4A1-4FC2-9445-341A92601C8C}"
EndProject
Global
	GlobalSection(SolutionConfigurationPlatforms) = preSolution
		Debug|x64 = Debug|x64
		Debug|x86 = Debug|x86
		Release|x64 = Release|x64
		Release|x86 = Release|x86
	EndGlobalSection
	GlobalSection(ProjectConfigurationPlatforms) = postSolution
		{CDBC84A5-F4A1-4FC2-9445-341A92601C8C}.Debug|x64.ActiveCfg = Debug|x64
		{CDBC84A5-F4A1-4FC2-9445-341A92601C8C}.Debug|x64.Build.0 = Debug|x64
		{CDBC84A5-F4A1-4FC2-9445-341A92601C8C}.Debug|x86.ActiveCfg = Debug|Win32
		{CDBC84A5-F4A1-4FC2-9445-341A92601C8C}.Debug|x86.Build.0 = Debug|Win32
		{CDBC84A5-F4A1-4FC2-9445-341A92601C8C}.Release|x64.ActiveCfg = Release|x64
		{CDBC84A5-F4A1-4FC2-9445-341A92601C8C}.Release|x64.Build.0 = Release|x64
		{CDBC84A5-F4A1-4FC2-9445-341A92601C8C}.Release|x86.ActiveCfg = Release|Win32
		{CDBC84A5-F4A1-4FC2-9445-341A92601C8C}.Release|x86.Build.0 = Release|Win32
	EndGlobalSection
	GlobalSection(SolutionProperties) = preSolution
		HideSolutionNode = FALSE
	EndGlobalSection
	GlobalSection(ExtensibilityGlobals) = postSolution
		SolutionGuid = {30A1D707-92B9-46D6-B2B4-38CC47231F84}
	EndGlobalSection
EndGlobal
