
Microsoft Visual Studio Solution File, Format Version 12.00
# Visual Studio Version 17
VisualStudioVersion = 17.5.33414.496
MinimumVisualStudioVersion = 10.0.40219.1
Project("{8BC9CEB8-8B4A-11D0-8D11-00A0C91BC942}") = "22_05_2023-017-matrriz", "22_05_2023-017-matrriz.vcxproj", "{788D8D9F-1FE3-4675-B81E-4789C659F121}"
EndProject
Global
	GlobalSection(SolutionConfigurationPlatforms) = preSolution
		Debug|x64 = Debug|x64
		Debug|x86 = Debug|x86
		Release|x64 = Release|x64
		Release|x86 = Release|x86
	EndGlobalSection
	GlobalSection(ProjectConfigurationPlatforms) = postSolution
		{788D8D9F-1FE3-4675-B81E-4789C659F121}.Debug|x64.ActiveCfg = Debug|x64
		{788D8D9F-1FE3-4675-B81E-4789C659F121}.Debug|x64.Build.0 = Debug|x64
		{788D8D9F-1FE3-4675-B81E-4789C659F121}.Debug|x86.ActiveCfg = Debug|Win32
		{788D8D9F-1FE3-4675-B81E-4789C659F121}.Debug|x86.Build.0 = Debug|Win32
		{788D8D9F-1FE3-4675-B81E-4789C659F121}.Release|x64.ActiveCfg = Release|x64
		{788D8D9F-1FE3-4675-B81E-4789C659F121}.Release|x64.Build.0 = Release|x64
		{788D8D9F-1FE3-4675-B81E-4789C659F121}.Release|x86.ActiveCfg = Release|Win32
		{788D8D9F-1FE3-4675-B81E-4789C659F121}.Release|x86.Build.0 = Release|Win32
	EndGlobalSection
	GlobalSection(SolutionProperties) = preSolution
		HideSolutionNode = FALSE
	EndGlobalSection
	GlobalSection(ExtensibilityGlobals) = postSolution
		SolutionGuid = {217668B9-D1CF-41A2-B15D-0F72B487FAB6}
	EndGlobalSection
EndGlobal
