
Microsoft Visual Studio Solution File, Format Version 12.00
# Visual Studio Version 17
VisualStudioVersion = 17.5.33414.496
MinimumVisualStudioVersion = 10.0.40219.1
Project("{8BC9CEB8-8B4A-11D0-8D11-00A0C91BC942}") = "24_05_2023-arreglos", "24_05_2023-arreglos.vcxproj", "{38349C65-CEF4-4F13-88D1-7F2A0BA11105}"
EndProject
Global
	GlobalSection(SolutionConfigurationPlatforms) = preSolution
		Debug|x64 = Debug|x64
		Debug|x86 = Debug|x86
		Release|x64 = Release|x64
		Release|x86 = Release|x86
	EndGlobalSection
	GlobalSection(ProjectConfigurationPlatforms) = postSolution
		{38349C65-CEF4-4F13-88D1-7F2A0BA11105}.Debug|x64.ActiveCfg = Debug|x64
		{38349C65-CEF4-4F13-88D1-7F2A0BA11105}.Debug|x64.Build.0 = Debug|x64
		{38349C65-CEF4-4F13-88D1-7F2A0BA11105}.Debug|x86.ActiveCfg = Debug|Win32
		{38349C65-CEF4-4F13-88D1-7F2A0BA11105}.Debug|x86.Build.0 = Debug|Win32
		{38349C65-CEF4-4F13-88D1-7F2A0BA11105}.Release|x64.ActiveCfg = Release|x64
		{38349C65-CEF4-4F13-88D1-7F2A0BA11105}.Release|x64.Build.0 = Release|x64
		{38349C65-CEF4-4F13-88D1-7F2A0BA11105}.Release|x86.ActiveCfg = Release|Win32
		{38349C65-CEF4-4F13-88D1-7F2A0BA11105}.Release|x86.Build.0 = Release|Win32
	EndGlobalSection
	GlobalSection(SolutionProperties) = preSolution
		HideSolutionNode = FALSE
	EndGlobalSection
	GlobalSection(ExtensibilityGlobals) = postSolution
		SolutionGuid = {169551A6-3443-441F-8B16-AB5C971F091B}
	EndGlobalSection
EndGlobal
